
Microsoft Visual Studio Solution File, Format Version 11.00
# Visual Studio 2010
Project("{FAE04EC0-301F-11D3-BF4B-00C04F79EFBC}") = "Assembly-CSharp-firstpass", "Assembly-CSharp-firstpass.csproj", "{fd913ea7-2894-c7a8-a781-d6350003cc39}"
EndProject
Project("{FAE04EC0-301F-11D3-BF4B-00C04F79EFBC}") = "Assembly-CSharp", "Assembly-CSharp.csproj", "{226abb51-5e41-46a1-3692-ac28ccebaa20}"
EndProject
Project("{FAE04EC0-301F-11D3-BF4B-00C04F79EFBC}") = "Assembly-CSharp-Editor-firstpass", "Assembly-CSharp-Editor-firstpass.csproj", "{663a6b06-b61b-d441-2b28-aaf45911aef9}"
EndProject
Global
	GlobalSection(SolutionConfigurationPlatforms) = preSolution
		Debug|Any CPU = Debug|Any CPU
	EndGlobalSection
	GlobalSection(ProjectConfigurationPlatforms) = postSolution
		{fd913ea7-2894-c7a8-a781-d6350003cc39}.Debug|Any CPU.ActiveCfg = Debug|Any CPU
		{fd913ea7-2894-c7a8-a781-d6350003cc39}.Debug|Any CPU.Build.0 = Debug|Any CPU
		{226abb51-5e41-46a1-3692-ac28ccebaa20}.Debug|Any CPU.ActiveCfg = Debug|Any CPU
		{226abb51-5e41-46a1-3692-ac28ccebaa20}.Debug|Any CPU.Build.0 = Debug|Any CPU
		{663a6b06-b61b-d441-2b28-aaf45911aef9}.Debug|Any CPU.ActiveCfg = Debug|Any CPU
		{663a6b06-b61b-d441-2b28-aaf45911aef9}.Debug|Any CPU.Build.0 = Debug|Any CPU
	EndGlobalSection
	GlobalSection(SolutionProperties) = preSolution
		HideSolutionNode = FALSE
	EndGlobalSection
EndGlobal
